// !$*UTF8*$!
{
	archiveVersion = 1;
	classes = {
	};
	objectVersion = 50;
	objects = {

/* Begin PBXBuildFile section */
		8C45536722C5699500628CEC /* CaptureViewController.swift in Sources */ = {isa = PBXBuildFile; fileRef = 8C45536622C5699500628CEC /* CaptureViewController.swift */; };
		8C737B2B22C6CC7500143F9E /* main.swift in Sources */ = {isa = PBXBuildFile; fileRef = 8C737B2A22C6CC7500143F9E /* main.swift */; };
		8CA6266F22BC51C900310FF0 /* AppDelegate.swift in Sources */ = {isa = PBXBuildFile; fileRef = 8CA6266E22BC51C900310FF0 /* AppDelegate.swift */; };
		8CA6267222BC51C900310FF0 /* colordart.xcdatamodeld in Sources */ = {isa = PBXBuildFile; fileRef = 8CA6267022BC51C900310FF0 /* colordart.xcdatamodeld */; };
		8CA6267422BC51C900310FF0 /* Assets.xcassets in Resources */ = {isa = PBXBuildFile; fileRef = 8CA6267322BC51C900310FF0 /* Assets.xcassets */; };
		8CA6268322BC51C900310FF0 /* colordartTests.swift in Sources */ = {isa = PBXBuildFile; fileRef = 8CA6268222BC51C900310FF0 /* colordartTests.swift */; };
		8CA6268E22BC51C900310FF0 /* colordartUITests.swift in Sources */ = {isa = PBXBuildFile; fileRef = 8CA6268D22BC51C900310FF0 /* colordartUITests.swift */; };
/* End PBXBuildFile section */

/* Begin PBXContainerItemProxy section */
		8CA6267F22BC51C900310FF0 /* PBXContainerItemProxy */ = {
			isa = PBXContainerItemProxy;
			containerPortal = 8CA6266322BC51C900310FF0 /* Project object */;
			proxyType = 1;
			remoteGlobalIDString = 8CA6266A22BC51C900310FF0;
			remoteInfo = colordart;
		};
		8CA6268A22BC51C900310FF0 /* PBXContainerItemProxy */ = {
			isa = PBXContainerItemProxy;
			containerPortal = 8CA6266322BC51C900310FF0 /* Project object */;
			proxyType = 1;
			remoteGlobalIDString = 8CA6266A22BC51C900310FF0;
			remoteInfo = colordart;
		};
/* End PBXContainerItemProxy section */

/* Begin PBXFileReference section */
		8C45536622C5699500628CEC /* CaptureViewController.swift */ = {isa = PBXFileReference; lastKnownFileType = sourcecode.swift; path = CaptureViewController.swift; sourceTree = "<group>"; };
		8C737B2A22C6CC7500143F9E /* main.swift */ = {isa = PBXFileReference; lastKnownFileType = sourcecode.swift; path = main.swift; sourceTree = "<group>"; };
		8CA6266B22BC51C900310FF0 /* colordart.app */ = {isa = PBXFileReference; explicitFileType = wrapper.application; includeInIndex = 0; path = colordart.app; sourceTree = BUILT_PRODUCTS_DIR; };
		8CA6266E22BC51C900310FF0 /* AppDelegate.swift */ = {isa = PBXFileReference; lastKnownFileType = sourcecode.swift; path = AppDelegate.swift; sourceTree = "<group>"; };
		8CA6267122BC51C900310FF0 /* colordart.xcdatamodel */ = {isa = PBXFileReference; lastKnownFileType = wrapper.xcdatamodel; path = colordart.xcdatamodel; sourceTree = "<group>"; };
		8CA6267322BC51C900310FF0 /* Assets.xcassets */ = {isa = PBXFileReference; lastKnownFileType = folder.assetcatalog; path = Assets.xcassets; sourceTree = "<group>"; };
		8CA6267822BC51C900310FF0 /* Info.plist */ = {isa = PBXFileReference; lastKnownFileType = text.plist.xml; path = Info.plist; sourceTree = "<group>"; };
		8CA6267922BC51C900310FF0 /* colordart.entitlements */ = {isa = PBXFileReference; lastKnownFileType = text.plist.entitlements; path = colordart.entitlements; sourceTree = "<group>"; };
		8CA6267E22BC51C900310FF0 /* colordartTests.xctest */ = {isa = PBXFileReference; explicitFileType = wrapper.cfbundle; includeInIndex = 0; path = colordartTests.xctest; sourceTree = BUILT_PRODUCTS_DIR; };
		8CA6268222BC51C900310FF0 /* colordartTests.swift */ = {isa = PBXFileReference; lastKnownFileType = sourcecode.swift; path = colordartTests.swift; sourceTree = "<group>"; };
		8CA6268422BC51C900310FF0 /* Info.plist */ = {isa = PBXFileReference; lastKnownFileType = text.plist.xml; path = Info.plist; sourceTree = "<group>"; };
		8CA6268922BC51C900310FF0 /* colordartUITests.xctest */ = {isa = PBXFileReference; explicitFileType = wrapper.cfbundle; includeInIndex = 0; path = colordartUITests.xctest; sourceTree = BUILT_PRODUCTS_DIR; };
		8CA6268D22BC51C900310FF0 /* colordartUITests.swift */ = {isa = PBXFileReference; lastKnownFileType = sourcecode.swift; path = colordartUITests.swift; sourceTree = "<group>"; };
		8CA6268F22BC51C900310FF0 /* Info.plist */ = {isa = PBXFileReference; lastKnownFileType = text.plist.xml; path = Info.plist; sourceTree = "<group>"; };
/* End PBXFileReference section */

/* Begin PBXFrameworksBuildPhase section */
		8CA6266822BC51C900310FF0 /* Frameworks */ = {
			isa = PBXFrameworksBuildPhase;
			buildActionMask = 2147483647;
			files = (
			);
			runOnlyForDeploymentPostprocessing = 0;
		};
		8CA6267B22BC51C900310FF0 /* Frameworks */ = {
			isa = PBXFrameworksBuildPhase;
			buildActionMask = 2147483647;
			files = (
			);
			runOnlyForDeploymentPostprocessing = 0;
		};
		8CA6268622BC51C900310FF0 /* Frameworks */ = {
			isa = PBXFrameworksBuildPhase;
			buildActionMask = 2147483647;
			files = (
			);
			runOnlyForDeploymentPostprocessing = 0;
		};
/* End PBXFrameworksBuildPhase section */

/* Begin PBXGroup section */
		8CA6266222BC51C900310FF0 = {
			isa = PBXGroup;
			children = (
				8CA6266D22BC51C900310FF0 /* colordart */,
				8CA6268122BC51C900310FF0 /* colordartTests */,
				8CA6268C22BC51C900310FF0 /* colordartUITests */,
				8CA6266C22BC51C900310FF0 /* Products */,
			);
			sourceTree = "<group>";
		};
		8CA6266C22BC51C900310FF0 /* Products */ = {
			isa = PBXGroup;
			children = (
				8CA6266B22BC51C900310FF0 /* colordart.app */,
				8CA6267E22BC51C900310FF0 /* colordartTests.xctest */,
				8CA6268922BC51C900310FF0 /* colordartUITests.xctest */,
			);
			name = Products;
			sourceTree = "<group>";
		};
		8CA6266D22BC51C900310FF0 /* colordart */ = {
			isa = PBXGroup;
			children = (
				8CA6266E22BC51C900310FF0 /* AppDelegate.swift */,
				8CA6267322BC51C900310FF0 /* Assets.xcassets */,
				8CA6267822BC51C900310FF0 /* Info.plist */,
				8CA6267922BC51C900310FF0 /* colordart.entitlements */,
				8CA6267022BC51C900310FF0 /* colordart.xcdatamodeld */,
				8C45536622C5699500628CEC /* CaptureViewController.swift */,
				8C737B2A22C6CC7500143F9E /* main.swift */,
			);
			path = colordart;
			sourceTree = "<group>";
		};
		8CA6268122BC51C900310FF0 /* colordartTests */ = {
			isa = PBXGroup;
			children = (
				8CA6268222BC51C900310FF0 /* colordartTests.swift */,
				8CA6268422BC51C900310FF0 /* Info.plist */,
			);
			path = colordartTests;
			sourceTree = "<group>";
		};
		8CA6268C22BC51C900310FF0 /* colordartUITests */ = {
			isa = PBXGroup;
			children = (
				8CA6268D22BC51C900310FF0 /* colordartUITests.swift */,
				8CA6268F22BC51C900310FF0 /* Info.plist */,
			);
			path = colordartUITests;
			sourceTree = "<group>";
		};
/* End PBXGroup section */

/* Begin PBXNativeTarget section */
		8CA6266A22BC51C900310FF0 /* colordart */ = {
			isa = PBXNativeTarget;
			buildConfigurationList = 8CA6269222BC51C900310FF0 /* Build configuration list for PBXNativeTarget "colordart" */;
			buildPhases = (
				8CA6266722BC51C900310FF0 /* Sources */,
				8CA6266822BC51C900310FF0 /* Frameworks */,
				8CA6266922BC51C900310FF0 /* Resources */,
			);
			buildRules = (
			);
			dependencies = (
			);
			name = colordart;
			productName = colordart;
			productReference = 8CA6266B22BC51C900310FF0 /* colordart.app */;
			productType = "com.apple.product-type.application";
		};
		8CA6267D22BC51C900310FF0 /* colordartTests */ = {
			isa = PBXNativeTarget;
			buildConfigurationList = 8CA6269522BC51C900310FF0 /* Build configuration list for PBXNativeTarget "colordartTests" */;
			buildPhases = (
				8CA6267A22BC51C900310FF0 /* Sources */,
				8CA6267B22BC51C900310FF0 /* Frameworks */,
				8CA6267C22BC51C900310FF0 /* Resources */,
			);
			buildRules = (
			);
			dependencies = (
				8CA6268022BC51C900310FF0 /* PBXTargetDependency */,
			);
			name = colordartTests;
			productName = colordartTests;
			productReference = 8CA6267E22BC51C900310FF0 /* colordartTests.xctest */;
			productType = "com.apple.product-type.bundle.unit-test";
		};
		8CA6268822BC51C900310FF0 /* colordartUITests */ = {
			isa = PBXNativeTarget;
			buildConfigurationList = 8CA6269822BC51C900310FF0 /* Build configuration list for PBXNativeTarget "colordartUITests" */;
			buildPhases = (
				8CA6268522BC51C900310FF0 /* Sources */,
				8CA6268622BC51C900310FF0 /* Frameworks */,
				8CA6268722BC51C900310FF0 /* Resources */,
			);
			buildRules = (
			);
			dependencies = (
				8CA6268B22BC51C900310FF0 /* PBXTargetDependency */,
			);
			name = colordartUITests;
			productName = colordartUITests;
			productReference = 8CA6268922BC51C900310FF0 /* colordartUITests.xctest */;
			productType = "com.apple.product-type.bundle.ui-testing";
		};
/* End PBXNativeTarget section */

/* Begin PBXProject section */
		8CA6266322BC51C900310FF0 /* Project object */ = {
			isa = PBXProject;
			attributes = {
				LastSwiftUpdateCheck = 1020;
				LastUpgradeCheck = 1020;
				ORGANIZATIONNAME = octoloop;
				TargetAttributes = {
					8CA6266A22BC51C900310FF0 = {
						CreatedOnToolsVersion = 10.2.1;
					};
					8CA6267D22BC51C900310FF0 = {
						CreatedOnToolsVersion = 10.2.1;
						TestTargetID = 8CA6266A22BC51C900310FF0;
					};
					8CA6268822BC51C900310FF0 = {
						CreatedOnToolsVersion = 10.2.1;
						TestTargetID = 8CA6266A22BC51C900310FF0;
					};
				};
			};
			buildConfigurationList = 8CA6266622BC51C900310FF0 /* Build configuration list for PBXProject "colordart" */;
			compatibilityVersion = "Xcode 9.3";
			developmentRegion = en;
			hasScannedForEncodings = 0;
			knownRegions = (
				en,
				Base,
			);
			mainGroup = 8CA6266222BC51C900310FF0;
			productRefGroup = 8CA6266C22BC51C900310FF0 /* Products */;
			projectDirPath = "";
			projectRoot = "";
			targets = (
				8CA6266A22BC51C900310FF0 /* colordart */,
				8CA6267D22BC51C900310FF0 /* colordartTests */,
				8CA6268822BC51C900310FF0 /* colordartUITests */,
			);
		};
/* End PBXProject section */

/* Begin PBXResourcesBuildPhase section */
		8CA6266922BC51C900310FF0 /* Resources */ = {
			isa = PBXResourcesBuildPhase;
			buildActionMask = 2147483647;
			files = (
				8CA6267422BC51C900310FF0 /* Assets.xcassets in Resources */,
			);
			runOnlyForDeploymentPostprocessing = 0;
		};
		8CA6267C22BC51C900310FF0 /* Resources */ = {
			isa = PBXResourcesBuildPhase;
			buildActionMask = 2147483647;
			files = (
			);
			runOnlyForDeploymentPostprocessing = 0;
		};
		8CA6268722BC51C900310FF0 /* Resources */ = {
			isa = PBXResourcesBuildPhase;
			buildActionMask = 2147483647;
			files = (
			);
			runOnlyForDeploymentPostprocessing = 0;
		};
/* End PBXResourcesBuildPhase section */

/* Begin PBXSourcesBuildPhase section */
		8CA6266722BC51C900310FF0 /* Sources */ = {
			isa = PBXSourcesBuildPhase;
			buildActionMask = 2147483647;
			files = (
				8CA6267222BC51C900310FF0 /* colordart.xcdatamodeld in Sources */,
				8C45536722C5699500628CEC /* CaptureViewController.swift in Sources */,
				8C737B2B22C6CC7500143F9E /* main.swift in Sources */,
				8CA6266F22BC51C900310FF0 /* AppDelegate.swift in Sources */,
			);
			runOnlyForDeploymentPostprocessing = 0;
		};
		8CA6267A22BC51C900310FF0 /* Sources */ = {
			isa = PBXSourcesBuildPhase;
			buildActionMask = 2147483647;
			files = (
				8CA6268322BC51C900310FF0 /* colordartTests.swift in Sources */,
			);
			runOnlyForDeploymentPostprocessing = 0;
		};
		8CA6268522BC51C900310FF0 /* Sources */ = {
			isa = PBXSourcesBuildPhase;
			buildActionMask = 2147483647;
			files = (
				8CA6268E22BC51C900310FF0 /* colordartUITests.swift in Sources */,
			);
			runOnlyForDeploymentPostprocessing = 0;
		};
/* End PBXSourcesBuildPhase section */

/* Begin PBXTargetDependency section */
		8CA6268022BC51C900310FF0 /* PBXTargetDependency */ = {
			isa = PBXTargetDependency;
			target = 8CA6266A22BC51C900310FF0 /* colordart */;
			targetProxy = 8CA6267F22BC51C900310FF0 /* PBXContainerItemProxy */;
		};
		8CA6268B22BC51C900310FF0 /* PBXTargetDependency */ = {
			isa = PBXTargetDependency;
			target = 8CA6266A22BC51C900310FF0 /* colordart */;
			targetProxy = 8CA6268A22BC51C900310FF0 /* PBXContainerItemProxy */;
		};
/* End PBXTargetDependency section */

/* Begin XCBuildConfiguration section */
		8CA6269022BC51C900310FF0 /* Debug */ = {
			isa = XCBuildConfiguration;
			buildSettings = {
				ALWAYS_SEARCH_USER_PATHS = NO;
				CLANG_ANALYZER_NONNULL = YES;
				CLANG_ANALYZER_NUMBER_OBJECT_CONVERSION = YES_AGGRESSIVE;
				CLANG_CXX_LANGUAGE_STANDARD = "gnu++14";
				CLANG_CXX_LIBRARY = "libc++";
				CLANG_ENABLE_MODULES = YES;
				CLANG_ENABLE_OBJC_ARC = YES;
				CLANG_ENABLE_OBJC_WEAK = YES;
				CLANG_WARN_BLOCK_CAPTURE_AUTORELEASING = YES;
				CLANG_WARN_BOOL_CONVERSION = YES;
				CLANG_WARN_COMMA = YES;
				CLANG_WARN_CONSTANT_CONVERSION = YES;
				CLANG_WARN_DEPRECATED_OBJC_IMPLEMENTATIONS = YES;
				CLANG_WARN_DIRECT_OBJC_ISA_USAGE = YES_ERROR;
				CLANG_WARN_DOCUMENTATION_COMMENTS = YES;
				CLANG_WARN_EMPTY_BODY = YES;
				CLANG_WARN_ENUM_CONVERSION = YES;
				CLANG_WARN_INFINITE_RECURSION = YES;
				CLANG_WARN_INT_CONVERSION = YES;
				CLANG_WARN_NON_LITERAL_NULL_CONVERSION = YES;
				CLANG_WARN_OBJC_IMPLICIT_RETAIN_SELF = YES;
				CLANG_WARN_OBJC_LITERAL_CONVERSION = YES;
				CLANG_WARN_OBJC_ROOT_CLASS = YES_ERROR;
				CLANG_WARN_RANGE_LOOP_ANALYSIS = YES;
				CLANG_WARN_STRICT_PROTOTYPES = YES;
				CLANG_WARN_SUSPICIOUS_MOVE = YES;
				CLANG_WARN_UNGUARDED_AVAILABILITY = YES_AGGRESSIVE;
				CLANG_WARN_UNREACHABLE_CODE = YES;
				CLANG_WARN__DUPLICATE_METHOD_MATCH = YES;
				CODE_SIGN_IDENTITY = "-";
				COPY_PHASE_STRIP = NO;
				DEBUG_INFORMATION_FORMAT = dwarf;
				ENABLE_STRICT_OBJC_MSGSEND = YES;
				ENABLE_TESTABILITY = YES;
				GCC_C_LANGUAGE_STANDARD = gnu11;
				GCC_DYNAMIC_NO_PIC = NO;
				GCC_NO_COMMON_BLOCKS = YES;
				GCC_OPTIMIZATION_LEVEL = 0;
				GCC_PREPROCESSOR_DEFINITIONS = (
					"DEBUG=1",
					"$(inherited)",
				);
				GCC_WARN_64_TO_32_BIT_CONVERSION = YES;
				GCC_WARN_ABOUT_RETURN_TYPE = YES_ERROR;
				GCC_WARN_UNDECLARED_SELECTOR = YES;
				GCC_WARN_UNINITIALIZED_AUTOS = YES_AGGRESSIVE;
				GCC_WARN_UNUSED_FUNCTION = YES;
				GCC_WARN_UNUSED_VARIABLE = YES;
				MACOSX_DEPLOYMENT_TARGET = 10.14;
				MTL_ENABLE_DEBUG_INFO = INCLUDE_SOURCE;
				MTL_FAST_MATH = YES;
				ONLY_ACTIVE_ARCH = YES;
				SDKROOT = macosx;
				SWIFT_ACTIVE_COMPILATION_CONDITIONS = DEBUG;
				SWIFT_OPTIMIZATION_LEVEL = "-Onone";
			};
			name = Debug;
		};
		8CA6269122BC51C900310FF0 /* Release */ = {
			isa = XCBuildConfiguration;
			buildSettings = {
				ALWAYS_SEARCH_USER_PATHS = NO;
				CLANG_ANALYZER_NONNULL = YES;
				CLANG_ANALYZER_NUMBER_OBJECT_CONVERSION = YES_AGGRESSIVE;
				CLANG_CXX_LANGUAGE_STANDARD = "gnu++14";
				CLANG_CXX_LIBRARY = "libc++";
				CLANG_ENABLE_MODULES = YES;
				CLANG_ENABLE_OBJC_ARC = YES;
				CLANG_ENABLE_OBJC_WEAK = YES;
				CLANG_WARN_BLOCK_CAPTURE_AUTORELEASING = YES;
				CLANG_WARN_BOOL_CONVERSION = YES;
				CLANG_WARN_COMMA = YES;
				CLANG_WARN_CONSTANT_CONVERSION = YES;
				CLANG_WARN_DEPRECATED_OBJC_IMPLEMENTATIONS = YES;
				CLANG_WARN_DIRECT_OBJC_ISA_USAGE = YES_ERROR;
				CLANG_WARN_DOCUMENTATION_COMMENTS = YES;
				CLANG_WARN_EMPTY_BODY = YES;
				CLANG_WARN_ENUM_CONVERSION = YES;
				CLANG_WARN_INFINITE_RECURSION = YES;
				CLANG_WARN_INT_CONVERSION = YES;
				CLANG_WARN_NON_LITERAL_NULL_CONVERSION = YES;
				CLANG_WARN_OBJC_IMPLICIT_RETAIN_SELF = YES;
				CLANG_WARN_OBJC_LITERAL_CONVERSION = YES;
				CLANG_WARN_OBJC_ROOT_CLASS = YES_ERROR;
				CLANG_WARN_RANGE_LOOP_ANALYSIS = YES;
				CLANG_WARN_STRICT_PROTOTYPES = YES;
				CLANG_WARN_SUSPICIOUS_MOVE = YES;
				CLANG_WARN_UNGUARDED_AVAILABILITY = YES_AGGRESSIVE;
				CLANG_WARN_UNREACHABLE_CODE = YES;
				CLANG_WARN__DUPLICATE_METHOD_MATCH = YES;
				CODE_SIGN_IDENTITY = "-";
				COPY_PHASE_STRIP = NO;
				DEBUG_INFORMATION_FORMAT = "dwarf-with-dsym";
				ENABLE_NS_ASSERTIONS = NO;
				ENABLE_STRICT_OBJC_MSGSEND = YES;
				GCC_C_LANGUAGE_STANDARD = gnu11;
				GCC_NO_COMMON_BLOCKS = YES;
				GCC_WARN_64_TO_32_BIT_CONVERSION = YES;
				GCC_WARN_ABOUT_RETURN_TYPE = YES_ERROR;
				GCC_WARN_UNDECLARED_SELECTOR = YES;
				GCC_WARN_UNINITIALIZED_AUTOS = YES_AGGRESSIVE;
				GCC_WARN_UNUSED_FUNCTION = YES;
				GCC_WARN_UNUSED_VARIABLE = YES;
				MACOSX_DEPLOYMENT_TARGET = 10.14;
				MTL_ENABLE_DEBUG_INFO = NO;
				MTL_FAST_MATH = YES;
				SDKROOT = macosx;
				SWIFT_COMPILATION_MODE = wholemodule;
				SWIFT_OPTIMIZATION_LEVEL = "-O";
			};
			name = Release;
		};
		8CA6269322BC51C900310FF0 /* Debug */ = {
			isa = XCBuildConfiguration;
			buildSettings = {
				ASSETCATALOG_COMPILER_APPICON_NAME = AppIcon;
				CODE_SIGN_ENTITLEMENTS = colordart/colordart.entitlements;
				CODE_SIGN_STYLE = Automatic;
				COMBINE_HIDPI_IMAGES = YES;
				INFOPLIST_FILE = colordart/Info.plist;
				LD_RUNPATH_SEARCH_PATHS = (
					"$(inherited)",
					"@executable_path/../Frameworks",
				);
				PRODUCT_BUNDLE_IDENTIFIER = com.octoloop.colordart;
				PRODUCT_NAME = "$(TARGET_NAME)";
				SWIFT_VERSION = 5.0;
			};
			name = Debug;
		};
		8CA6269422BC51C900310FF0 /* Release */ = {
			isa = XCBuildConfiguration;
			buildSettings = {
				ASSETCATALOG_COMPILER_APPICON_NAME = AppIcon;
				CODE_SIGN_ENTITLEMENTS = colordart/colordart.entitlements;
				CODE_SIGN_STYLE = Automatic;
				COMBINE_HIDPI_IMAGES = YES;
				INFOPLIST_FILE = colordart/Info.plist;
				LD_RUNPATH_SEARCH_PATHS = (
					"$(inherited)",
					"@executable_path/../Frameworks",
				);
				PRODUCT_BUNDLE_IDENTIFIER = com.octoloop.colordart;
				PRODUCT_NAME = "$(TARGET_NAME)";
				SWIFT_VERSION = 5.0;
			};
			name = Release;
		};
		8CA6269622BC51C900310FF0 /* Debug */ = {
			isa = XCBuildConfiguration;
			buildSettings = {
				ALWAYS_EMBED_SWIFT_STANDARD_LIBRARIES = YES;
				BUNDLE_LOADER = "$(TEST_HOST)";
				CODE_SIGN_STYLE = Automatic;
				COMBINE_HIDPI_IMAGES = YES;
				INFOPLIST_FILE = colordartTests/Info.plist;
				LD_RUNPATH_SEARCH_PATHS = (
					"$(inherited)",
					"@executable_path/../Frameworks",
					"@loader_path/../Frameworks",
				);
				PRODUCT_BUNDLE_IDENTIFIER = com.octoloop.colordartTests;
				PRODUCT_NAME = "$(TARGET_NAME)";
				SWIFT_VERSION = 5.0;
				TEST_HOST = "$(BUILT_PRODUCTS_DIR)/colordart.app/Contents/MacOS/colordart";
			};
			name = Debug;
		};
		8CA6269722BC51C900310FF0 /* Release */ = {
			isa = XCBuildConfiguration;
			buildSettings = {
				ALWAYS_EMBED_SWIFT_STANDARD_LIBRARIES = YES;
				BUNDLE_LOADER = "$(TEST_HOST)";
				CODE_SIGN_STYLE = Automatic;
				COMBINE_HIDPI_IMAGES = YES;
				INFOPLIST_FILE = colordartTests/Info.plist;
				LD_RUNPATH_SEARCH_PATHS = (
					"$(inherited)",
					"@executable_path/../Frameworks",
					"@loader_path/../Frameworks",
				);
				PRODUCT_BUNDLE_IDENTIFIER = com.octoloop.colordartTests;
				PRODUCT_NAME = "$(TARGET_NAME)";
				SWIFT_VERSION = 5.0;
				TEST_HOST = "$(BUILT_PRODUCTS_DIR)/colordart.app/Contents/MacOS/colordart";
			};
			name = Release;
		};
		8CA6269922BC51C900310FF0 /* Debug */ = {
			isa = XCBuildConfiguration;
			buildSettings = {
				ALWAYS_EMBED_SWIFT_STANDARD_LIBRARIES = YES;
				CODE_SIGN_STYLE = Automatic;
				COMBINE_HIDPI_IMAGES = YES;
				INFOPLIST_FILE = colordartUITests/Info.plist;
				LD_RUNPATH_SEARCH_PATHS = (
					"$(inherited)",
					"@executable_path/../Frameworks",
					"@loader_path/../Frameworks",
				);
				PRODUCT_BUNDLE_IDENTIFIER = com.octoloop.colordartUITests;
				PRODUCT_NAME = "$(TARGET_NAME)";
				SWIFT_VERSION = 5.0;
				TEST_TARGET_NAME = colordart;
			};
			name = Debug;
		};
		8CA6269A22BC51C900310FF0 /* Release */ = {
			isa = XCBuildConfiguration;
			buildSettings = {
				ALWAYS_EMBED_SWIFT_STANDARD_LIBRARIES = YES;
				CODE_SIGN_STYLE = Automatic;
				COMBINE_HIDPI_IMAGES = YES;
				INFOPLIST_FILE = colordartUITests/Info.plist;
				LD_RUNPATH_SEARCH_PATHS = (
					"$(inherited)",
					"@executable_path/../Frameworks",
					"@loader_path/../Frameworks",
				);
				PRODUCT_BUNDLE_IDENTIFIER = com.octoloop.colordartUITests;
				PRODUCT_NAME = "$(TARGET_NAME)";
				SWIFT_VERSION = 5.0;
				TEST_TARGET_NAME = colordart;
			};
			name = Release;
		};
/* End XCBuildConfiguration section */

/* Begin XCConfigurationList section */
		8CA6266622BC51C900310FF0 /* Build configuration list for PBXProject "colordart" */ = {
			isa = XCConfigurationList;
			buildConfigurations = (
				8CA6269022BC51C900310FF0 /* Debug */,
				8CA6269122BC51C900310FF0 /* Release */,
			);
			defaultConfigurationIsVisible = 0;
			defaultConfigurationName = Release;
		};
		8CA6269222BC51C900310FF0 /* Build configuration list for PBXNativeTarget "colordart" */ = {
			isa = XCConfigurationList;
			buildConfigurations = (
				8CA6269322BC51C900310FF0 /* Debug */,
				8CA6269422BC51C900310FF0 /* Release */,
			);
			defaultConfigurationIsVisible = 0;
			defaultConfigurationName = Release;
		};
		8CA6269522BC51C900310FF0 /* Build configuration list for PBXNativeTarget "colordartTests" */ = {
			isa = XCConfigurationList;
			buildConfigurations = (
				8CA6269622BC51C900310FF0 /* Debug */,
				8CA6269722BC51C900310FF0 /* Release */,
			);
			defaultConfigurationIsVisible = 0;
			defaultConfigurationName = Release;
		};
		8CA6269822BC51C900310FF0 /* Build configuration list for PBXNativeTarget "colordartUITests" */ = {
			isa = XCConfigurationList;
			buildConfigurations = (
				8CA6269922BC51C900310FF0 /* Debug */,
				8CA6269A22BC51C900310FF0 /* Release */,
			);
			defaultConfigurationIsVisible = 0;
			defaultConfigurationName = Release;
		};
/* End XCConfigurationList section */

/* Begin XCVersionGroup section */
		8CA6267022BC51C900310FF0 /* colordart.xcdatamodeld */ = {
			isa = XCVersionGroup;
			children = (
				8CA6267122BC51C900310FF0 /* colordart.xcdatamodel */,
			);
			currentVersion = 8CA6267122BC51C900310FF0 /* colordart.xcdatamodel */;
			path = colordart.xcdatamodeld;
			sourceTree = "<group>";
			versionGroupType = wrapper.xcdatamodel;
		};
/* End XCVersionGroup section */
	};
	rootObject = 8CA6266322BC51C900310FF0 /* Project object */;
}
